
Microsoft Visual Studio Solution File, Format Version 12.00
# Visual Studio Version 16
VisualStudioVersion = 16.0.31702.278
MinimumVisualStudioVersion = 10.0.40219.1
Project("{FAE04EC0-301F-11D3-BF4B-00C04F79EFBC}") = "CheckForPrimeNum", "CheckForPrimeNum\CheckForPrimeNum.csproj", "{9C692257-075D-4CA8-B525-CCDCC7AFF0AF}"
EndProject
Global
	GlobalSection(SolutionConfigurationPlatforms) = preSolution
		Debug|Any CPU = Debug|Any CPU
		Release|Any CPU = Release|Any CPU
	EndGlobalSection
	GlobalSection(ProjectConfigurationPlatforms) = postSolution
		{9C692257-075D-4CA8-B525-CCDCC7AFF0AF}.Debug|Any CPU.ActiveCfg = Debug|Any CPU
		{9C692257-075D-4CA8-B525-CCDCC7AFF0AF}.Debug|Any CPU.Build.0 = Debug|Any CPU
		{9C692257-075D-4CA8-B525-CCDCC7AFF0AF}.Release|Any CPU.ActiveCfg = Release|Any CPU
		{9C692257-075D-4CA8-B525-CCDCC7AFF0AF}.Release|Any CPU.Build.0 = Release|Any CPU
	EndGlobalSection
	GlobalSection(SolutionProperties) = preSolution
		HideSolutionNode = FALSE
	EndGlobalSection
	GlobalSection(ExtensibilityGlobals) = postSolution
		SolutionGuid = {6D3FF24A-F9B1-4605-85B9-BBB90B8E03DD}
	EndGlobalSection
EndGlobal
